// !$*UTF8*$!
{
	archiveVersion = 1;
	classes = {
	};
	objectVersion = 46;
	objects = {

/* Begin PBXBuildFile section */
		2765C79B1AB0E72E009F9DD7 /* FeaturesCollectionViewCell.m in Sources */ = {isa = PBXBuildFile; fileRef = 2765C79A1AB0E72E009F9DD7 /* FeaturesCollectionViewCell.m */; };
		2765C7D91AB388FE009F9DD7 /* StudentListShufflerDataSource.m in Sources */ = {isa = PBXBuildFile; fileRef = 2765C7D81AB388FE009F9DD7 /* StudentListShufflerDataSource.m */; };
		2765C7DC1AB38954009F9DD7 /* StudentListShufflerViewController.m in Sources */ = {isa = PBXBuildFile; fileRef = 2765C7DB1AB38954009F9DD7 /* StudentListShufflerViewController.m */; };
		27CC8EF01AAA67DD0051D062 /* Stack.m in Sources */ = {isa = PBXBuildFile; fileRef = 27CC8EEF1AAA67DD0051D062 /* Stack.m */; };
		27CC8EF91AAA695A0051D062 /* FeaturesViewController.m in Sources */ = {isa = PBXBuildFile; fileRef = 27CC8EF81AAA695A0051D062 /* FeaturesViewController.m */; };
		27CC8F0D1AAA6ACC0051D062 /* GroupController.m in Sources */ = {isa = PBXBuildFile; fileRef = 27CC8F0C1AAA6ACC0051D062 /* GroupController.m */; };
		27CC8F131AAA6B740051D062 /* RandomizedGroupsViewController.m in Sources */ = {isa = PBXBuildFile; fileRef = 27CC8F121AAA6B740051D062 /* RandomizedGroupsViewController.m */; };
		27CC8F1B1AAA6D000051D062 /* RandomizedViewControllerDataSource.m in Sources */ = {isa = PBXBuildFile; fileRef = 27CC8F1A1AAA6D000051D062 /* RandomizedViewControllerDataSource.m */; };
		27CC8F1F1AAA6D350051D062 /* FeaturesViewControllerDataSource.m in Sources */ = {isa = PBXBuildFile; fileRef = 27CC8F1E1AAA6D350051D062 /* FeaturesViewControllerDataSource.m */; };
		27CC8F261AAA7BAF0051D062 /* StudentListViewController.m in Sources */ = {isa = PBXBuildFile; fileRef = 27CC8F251AAA7BAF0051D062 /* StudentListViewController.m */; };
		27CC8F291AAA7C8A0051D062 /* Model.xcdatamodeld in Sources */ = {isa = PBXBuildFile; fileRef = 27CC8F271AAA7C8A0051D062 /* Model.xcdatamodeld */; };
		27CC8F2C1AABF0F30051D062 /* StudentListDataSource.m in Sources */ = {isa = PBXBuildFile; fileRef = 27CC8F2B1AABF0F30051D062 /* StudentListDataSource.m */; };
		6A048AB51AAA477800C7E790 /* main.m in Sources */ = {isa = PBXBuildFile; fileRef = 6A048AB41AAA477800C7E790 /* main.m */; };
		6A048AB81AAA477800C7E790 /* AppDelegate.m in Sources */ = {isa = PBXBuildFile; fileRef = 6A048AB71AAA477800C7E790 /* AppDelegate.m */; };
		6A048ABB1AAA477800C7E790 /* GroupViewController.m in Sources */ = {isa = PBXBuildFile; fileRef = 6A048ABA1AAA477800C7E790 /* GroupViewController.m */; };
		6A048ABE1AAA477800C7E790 /* Main.storyboard in Resources */ = {isa = PBXBuildFile; fileRef = 6A048ABC1AAA477800C7E790 /* Main.storyboard */; };
		6A048AC01AAA477900C7E790 /* Images.xcassets in Resources */ = {isa = PBXBuildFile; fileRef = 6A048ABF1AAA477900C7E790 /* Images.xcassets */; };
		6A048AC31AAA477900C7E790 /* LaunchScreen.xib in Resources */ = {isa = PBXBuildFile; fileRef = 6A048AC11AAA477900C7E790 /* LaunchScreen.xib */; };
		6A048ACF1AAA477900C7E790 /* Teacher_ResourcesTests.m in Sources */ = {isa = PBXBuildFile; fileRef = 6A048ACE1AAA477900C7E790 /* Teacher_ResourcesTests.m */; };
		6A1754CB1AB7899300B620CB /* AppearanceController.m in Sources */ = {isa = PBXBuildFile; fileRef = 6A1754CA1AB7899200B620CB /* AppearanceController.m */; };
		6A9335291AB33BFF00F00C6D /* Timer.m in Sources */ = {isa = PBXBuildFile; fileRef = 6A9335251AB33BFF00F00C6D /* Timer.m */; };
		6A93352A1AB33BFF00F00C6D /* TimerViewController.m in Sources */ = {isa = PBXBuildFile; fileRef = 6A9335271AB33BFF00F00C6D /* TimerViewController.m */; };
		6A93352B1AB33BFF00F00C6D /* TimerViewController.xib in Resources */ = {isa = PBXBuildFile; fileRef = 6A9335281AB33BFF00F00C6D /* TimerViewController.xib */; };
		6AFD4E5D1AAE4F3500308595 /* UIColor+Category.m in Sources */ = {isa = PBXBuildFile; fileRef = 6AFD4E5C1AAE4F3500308595 /* UIColor+Category.m */; };
		6AFD4E661AAE8AA900308595 /* Group.m in Sources */ = {isa = PBXBuildFile; fileRef = 6AFD4E651AAE8AA900308595 /* Group.m */; };
		6AFD4E691AAE8AA900308595 /* Member.m in Sources */ = {isa = PBXBuildFile; fileRef = 6AFD4E681AAE8AA900308595 /* Member.m */; };
		EBBF55461AAF83B2006EF8ED /* MembersCollectionViewCell.m in Sources */ = {isa = PBXBuildFile; fileRef = EBBF55451AAF83B2006EF8ED /* MembersCollectionViewCell.m */; };
		EBBF55601AB0E77F006EF8ED /* RandomizedGroupsAppereanceController.m in Sources */ = {isa = PBXBuildFile; fileRef = EBBF555F1AB0E77F006EF8ED /* RandomizedGroupsAppereanceController.m */; };
		EBBF55661AB0F8E1006EF8ED /* NewStudentViewController.m in Sources */ = {isa = PBXBuildFile; fileRef = EBBF55651AB0F8E1006EF8ED /* NewStudentViewController.m */; };
		EBC589101AB8C7AE003B7C9D /* cross@2x.png in Resources */ = {isa = PBXBuildFile; fileRef = EBC588FC1AB8C7AE003B7C9D /* cross@2x.png */; };
		EBC589111AB8C7AE003B7C9D /* InfoPlist.strings in Resources */ = {isa = PBXBuildFile; fileRef = EBC588FE1AB8C7AE003B7C9D /* InfoPlist.strings */; };
		EBC589121AB8C7AE003B7C9D /* MainStoryboard.storyboard in Resources */ = {isa = PBXBuildFile; fileRef = EBC589001AB8C7AE003B7C9D /* MainStoryboard.storyboard */; };
		EBC589131AB8C7AE003B7C9D /* list@2x.png in Resources */ = {isa = PBXBuildFile; fileRef = EBC589021AB8C7AE003B7C9D /* list@2x.png */; };
		EBC589141AB8C7AE003B7C9D /* NSMutableArray+SWUtilityButtons.m in Sources */ = {isa = PBXBuildFile; fileRef = EBC589051AB8C7AE003B7C9D /* NSMutableArray+SWUtilityButtons.m */; };
		EBC589151AB8C7AE003B7C9D /* SWCellScrollView.m in Sources */ = {isa = PBXBuildFile; fileRef = EBC589071AB8C7AE003B7C9D /* SWCellScrollView.m */; };
		EBC589161AB8C7AE003B7C9D /* SWLongPressGestureRecognizer.m in Sources */ = {isa = PBXBuildFile; fileRef = EBC589091AB8C7AE003B7C9D /* SWLongPressGestureRecognizer.m */; };
		EBC589171AB8C7AE003B7C9D /* SWTableViewCell.m in Sources */ = {isa = PBXBuildFile; fileRef = EBC5890B1AB8C7AE003B7C9D /* SWTableViewCell.m */; };
		EBC589181AB8C7AE003B7C9D /* SWUtilityButtonTapGestureRecognizer.m in Sources */ = {isa = PBXBuildFile; fileRef = EBC5890D1AB8C7AE003B7C9D /* SWUtilityButtonTapGestureRecognizer.m */; };
		EBC589191AB8C7AE003B7C9D /* SWUtilityButtonView.m in Sources */ = {isa = PBXBuildFile; fileRef = EBC5890F1AB8C7AE003B7C9D /* SWUtilityButtonView.m */; };
/* End PBXBuildFile section */

/* Begin PBXContainerItemProxy section */
		6A048AC91AAA477900C7E790 /* PBXContainerItemProxy */ = {
			isa = PBXContainerItemProxy;
			containerPortal = 6A048AA71AAA477800C7E790 /* Project object */;
			proxyType = 1;
			remoteGlobalIDString = 6A048AAE1AAA477800C7E790;
			remoteInfo = "Teacher Resources";
		};
/* End PBXContainerItemProxy section */

/* Begin PBXFileReference section */
		2765C7991AB0E72E009F9DD7 /* FeaturesCollectionViewCell.h */ = {isa = PBXFileReference; fileEncoding = 4; lastKnownFileType = sourcecode.c.h; path = FeaturesCollectionViewCell.h; sourceTree = "<group>"; };
		2765C79A1AB0E72E009F9DD7 /* FeaturesCollectionViewCell.m */ = {isa = PBXFileReference; fileEncoding = 4; lastKnownFileType = sourcecode.c.objc; path = FeaturesCollectionViewCell.m; sourceTree = "<group>"; };
		2765C7D71AB388FE009F9DD7 /* StudentListShufflerDataSource.h */ = {isa = PBXFileReference; fileEncoding = 4; lastKnownFileType = sourcecode.c.h; path = StudentListShufflerDataSource.h; sourceTree = "<group>"; };
		2765C7D81AB388FE009F9DD7 /* StudentListShufflerDataSource.m */ = {isa = PBXFileReference; fileEncoding = 4; lastKnownFileType = sourcecode.c.objc; path = StudentListShufflerDataSource.m; sourceTree = "<group>"; };
		2765C7DA1AB38954009F9DD7 /* StudentListShufflerViewController.h */ = {isa = PBXFileReference; fileEncoding = 4; lastKnownFileType = sourcecode.c.h; path = StudentListShufflerViewController.h; sourceTree = "<group>"; };
		2765C7DB1AB38954009F9DD7 /* StudentListShufflerViewController.m */ = {isa = PBXFileReference; fileEncoding = 4; lastKnownFileType = sourcecode.c.objc; path = StudentListShufflerViewController.m; sourceTree = "<group>"; };
		27CC8EEE1AAA67DD0051D062 /* Stack.h */ = {isa = PBXFileReference; fileEncoding = 4; lastKnownFileType = sourcecode.c.h; path = Stack.h; sourceTree = "<group>"; };
		27CC8EEF1AAA67DD0051D062 /* Stack.m */ = {isa = PBXFileReference; fileEncoding = 4; lastKnownFileType = sourcecode.c.objc; path = Stack.m; sourceTree = "<group>"; };
		27CC8EF71AAA695A0051D062 /* FeaturesViewController.h */ = {isa = PBXFileReference; fileEncoding = 4; lastKnownFileType = sourcecode.c.h; path = FeaturesViewController.h; sourceTree = "<group>"; };
		27CC8EF81AAA695A0051D062 /* FeaturesViewController.m */ = {isa = PBXFileReference; fileEncoding = 4; lastKnownFileType = sourcecode.c.objc; path = FeaturesViewController.m; sourceTree = "<group>"; };
		27CC8F0B1AAA6ACC0051D062 /* GroupController.h */ = {isa = PBXFileReference; fileEncoding = 4; lastKnownFileType = sourcecode.c.h; path = GroupController.h; sourceTree = "<group>"; };
		27CC8F0C1AAA6ACC0051D062 /* GroupController.m */ = {isa = PBXFileReference; fileEncoding = 4; lastKnownFileType = sourcecode.c.objc; path = GroupController.m; sourceTree = "<group>"; };
		27CC8F111AAA6B740051D062 /* RandomizedGroupsViewController.h */ = {isa = PBXFileReference; fileEncoding = 4; lastKnownFileType = sourcecode.c.h; path = RandomizedGroupsViewController.h; sourceTree = "<group>"; };
		27CC8F121AAA6B740051D062 /* RandomizedGroupsViewController.m */ = {isa = PBXFileReference; fileEncoding = 4; lastKnownFileType = sourcecode.c.objc; path = RandomizedGroupsViewController.m; sourceTree = "<group>"; };
		27CC8F191AAA6D000051D062 /* RandomizedViewControllerDataSource.h */ = {isa = PBXFileReference; fileEncoding = 4; lastKnownFileType = sourcecode.c.h; path = RandomizedViewControllerDataSource.h; sourceTree = "<group>"; };
		27CC8F1A1AAA6D000051D062 /* RandomizedViewControllerDataSource.m */ = {isa = PBXFileReference; fileEncoding = 4; lastKnownFileType = sourcecode.c.objc; path = RandomizedViewControllerDataSource.m; sourceTree = "<group>"; };
		27CC8F1D1AAA6D350051D062 /* FeaturesViewControllerDataSource.h */ = {isa = PBXFileReference; fileEncoding = 4; lastKnownFileType = sourcecode.c.h; path = FeaturesViewControllerDataSource.h; sourceTree = "<group>"; };
		27CC8F1E1AAA6D350051D062 /* FeaturesViewControllerDataSource.m */ = {isa = PBXFileReference; fileEncoding = 4; lastKnownFileType = sourcecode.c.objc; path = FeaturesViewControllerDataSource.m; sourceTree = "<group>"; };
		27CC8F241AAA7BAF0051D062 /* StudentListViewController.h */ = {isa = PBXFileReference; fileEncoding = 4; lastKnownFileType = sourcecode.c.h; path = StudentListViewController.h; sourceTree = "<group>"; };
		27CC8F251AAA7BAF0051D062 /* StudentListViewController.m */ = {isa = PBXFileReference; fileEncoding = 4; lastKnownFileType = sourcecode.c.objc; path = StudentListViewController.m; sourceTree = "<group>"; };
		27CC8F281AAA7C8A0051D062 /* Model.xcdatamodel */ = {isa = PBXFileReference; lastKnownFileType = wrapper.xcdatamodel; path = Model.xcdatamodel; sourceTree = "<group>"; };
		27CC8F2A1AABF0F30051D062 /* StudentListDataSource.h */ = {isa = PBXFileReference; fileEncoding = 4; lastKnownFileType = sourcecode.c.h; path = StudentListDataSource.h; sourceTree = "<group>"; };
		27CC8F2B1AABF0F30051D062 /* StudentListDataSource.m */ = {isa = PBXFileReference; fileEncoding = 4; lastKnownFileType = sourcecode.c.objc; path = StudentListDataSource.m; sourceTree = "<group>"; };
		6A048AAF1AAA477800C7E790 /* Teacher Resources.app */ = {isa = PBXFileReference; explicitFileType = wrapper.application; includeInIndex = 0; path = "Teacher Resources.app"; sourceTree = BUILT_PRODUCTS_DIR; };
		6A048AB31AAA477800C7E790 /* Info.plist */ = {isa = PBXFileReference; lastKnownFileType = text.plist.xml; path = Info.plist; sourceTree = "<group>"; };
		6A048AB41AAA477800C7E790 /* main.m */ = {isa = PBXFileReference; lastKnownFileType = sourcecode.c.objc; path = main.m; sourceTree = "<group>"; };
		6A048AB61AAA477800C7E790 /* AppDelegate.h */ = {isa = PBXFileReference; lastKnownFileType = sourcecode.c.h; path = AppDelegate.h; sourceTree = "<group>"; };
		6A048AB71AAA477800C7E790 /* AppDelegate.m */ = {isa = PBXFileReference; lastKnownFileType = sourcecode.c.objc; path = AppDelegate.m; sourceTree = "<group>"; };
		6A048AB91AAA477800C7E790 /* GroupViewController.h */ = {isa = PBXFileReference; lastKnownFileType = sourcecode.c.h; path = GroupViewController.h; sourceTree = "<group>"; };
		6A048ABA1AAA477800C7E790 /* GroupViewController.m */ = {isa = PBXFileReference; lastKnownFileType = sourcecode.c.objc; path = GroupViewController.m; sourceTree = "<group>"; };
		6A048ABD1AAA477800C7E790 /* Base */ = {isa = PBXFileReference; lastKnownFileType = file.storyboard; name = Base; path = Base.lproj/Main.storyboard; sourceTree = "<group>"; };
		6A048ABF1AAA477900C7E790 /* Images.xcassets */ = {isa = PBXFileReference; lastKnownFileType = folder.assetcatalog; path = Images.xcassets; sourceTree = "<group>"; };
		6A048AC21AAA477900C7E790 /* Base */ = {isa = PBXFileReference; lastKnownFileType = file.xib; name = Base; path = Base.lproj/LaunchScreen.xib; sourceTree = "<group>"; };
		6A048AC81AAA477900C7E790 /* Teacher ResourcesTests.xctest */ = {isa = PBXFileReference; explicitFileType = wrapper.cfbundle; includeInIndex = 0; path = "Teacher ResourcesTests.xctest"; sourceTree = BUILT_PRODUCTS_DIR; };
		6A048ACD1AAA477900C7E790 /* Info.plist */ = {isa = PBXFileReference; lastKnownFileType = text.plist.xml; path = Info.plist; sourceTree = "<group>"; };
		6A048ACE1AAA477900C7E790 /* Teacher_ResourcesTests.m */ = {isa = PBXFileReference; lastKnownFileType = sourcecode.c.objc; path = Teacher_ResourcesTests.m; sourceTree = "<group>"; };
		6A1754C91AB7899200B620CB /* AppearanceController.h */ = {isa = PBXFileReference; fileEncoding = 4; lastKnownFileType = sourcecode.c.h; path = AppearanceController.h; sourceTree = "<group>"; };
		6A1754CA1AB7899200B620CB /* AppearanceController.m */ = {isa = PBXFileReference; fileEncoding = 4; lastKnownFileType = sourcecode.c.objc; path = AppearanceController.m; sourceTree = "<group>"; };
		6A9335241AB33BFF00F00C6D /* Timer.h */ = {isa = PBXFileReference; fileEncoding = 4; lastKnownFileType = sourcecode.c.h; path = Timer.h; sourceTree = "<group>"; };
		6A9335251AB33BFF00F00C6D /* Timer.m */ = {isa = PBXFileReference; fileEncoding = 4; lastKnownFileType = sourcecode.c.objc; path = Timer.m; sourceTree = "<group>"; };
		6A9335261AB33BFF00F00C6D /* TimerViewController.h */ = {isa = PBXFileReference; fileEncoding = 4; lastKnownFileType = sourcecode.c.h; path = TimerViewController.h; sourceTree = "<group>"; };
		6A9335271AB33BFF00F00C6D /* TimerViewController.m */ = {isa = PBXFileReference; fileEncoding = 4; lastKnownFileType = sourcecode.c.objc; path = TimerViewController.m; sourceTree = "<group>"; };
		6A9335281AB33BFF00F00C6D /* TimerViewController.xib */ = {isa = PBXFileReference; fileEncoding = 4; lastKnownFileType = file.xib; path = TimerViewController.xib; sourceTree = "<group>"; };
		6AFD4E5B1AAE4F3500308595 /* UIColor+Category.h */ = {isa = PBXFileReference; fileEncoding = 4; lastKnownFileType = sourcecode.c.h; path = "UIColor+Category.h"; sourceTree = "<group>"; };
		6AFD4E5C1AAE4F3500308595 /* UIColor+Category.m */ = {isa = PBXFileReference; fileEncoding = 4; lastKnownFileType = sourcecode.c.objc; path = "UIColor+Category.m"; sourceTree = "<group>"; };
		6AFD4E641AAE8AA900308595 /* Group.h */ = {isa = PBXFileReference; fileEncoding = 4; lastKnownFileType = sourcecode.c.h; name = Group.h; path = ../Group.h; sourceTree = "<group>"; };
		6AFD4E651AAE8AA900308595 /* Group.m */ = {isa = PBXFileReference; fileEncoding = 4; lastKnownFileType = sourcecode.c.objc; name = Group.m; path = ../Group.m; sourceTree = "<group>"; };
		6AFD4E671AAE8AA900308595 /* Member.h */ = {isa = PBXFileReference; fileEncoding = 4; lastKnownFileType = sourcecode.c.h; name = Member.h; path = ../Member.h; sourceTree = "<group>"; };
		6AFD4E681AAE8AA900308595 /* Member.m */ = {isa = PBXFileReference; fileEncoding = 4; lastKnownFileType = sourcecode.c.objc; name = Member.m; path = ../Member.m; sourceTree = "<group>"; };
		EBBF55441AAF83B2006EF8ED /* MembersCollectionViewCell.h */ = {isa = PBXFileReference; fileEncoding = 4; lastKnownFileType = sourcecode.c.h; path = MembersCollectionViewCell.h; sourceTree = "<group>"; };
		EBBF55451AAF83B2006EF8ED /* MembersCollectionViewCell.m */ = {isa = PBXFileReference; fileEncoding = 4; lastKnownFileType = sourcecode.c.objc; path = MembersCollectionViewCell.m; sourceTree = "<group>"; };
		EBBF555E1AB0E77F006EF8ED /* RandomizedGroupsAppereanceController.h */ = {isa = PBXFileReference; fileEncoding = 4; lastKnownFileType = sourcecode.c.h; path = RandomizedGroupsAppereanceController.h; sourceTree = "<group>"; };
		EBBF555F1AB0E77F006EF8ED /* RandomizedGroupsAppereanceController.m */ = {isa = PBXFileReference; fileEncoding = 4; lastKnownFileType = sourcecode.c.objc; path = RandomizedGroupsAppereanceController.m; sourceTree = "<group>"; };
		EBBF55641AB0F8E1006EF8ED /* NewStudentViewController.h */ = {isa = PBXFileReference; fileEncoding = 4; lastKnownFileType = sourcecode.c.h; path = NewStudentViewController.h; sourceTree = "<group>"; };
		EBBF55651AB0F8E1006EF8ED /* NewStudentViewController.m */ = {isa = PBXFileReference; fileEncoding = 4; lastKnownFileType = sourcecode.c.objc; path = NewStudentViewController.m; sourceTree = "<group>"; };
		EBC588FC1AB8C7AE003B7C9D /* cross@2x.png */ = {isa = PBXFileReference; lastKnownFileType = image.png; path = "cross@2x.png"; sourceTree = "<group>"; };
		EBC588FF1AB8C7AE003B7C9D /* en */ = {isa = PBXFileReference; lastKnownFileType = text.plist.strings; name = en; path = InfoPlist.strings; sourceTree = "<group>"; };
		EBC589011AB8C7AE003B7C9D /* en */ = {isa = PBXFileReference; lastKnownFileType = file.storyboard; name = en; path = MainStoryboard.storyboard; sourceTree = "<group>"; };
		EBC589021AB8C7AE003B7C9D /* list@2x.png */ = {isa = PBXFileReference; lastKnownFileType = image.png; path = "list@2x.png"; sourceTree = "<group>"; };
		EBC589041AB8C7AE003B7C9D /* NSMutableArray+SWUtilityButtons.h */ = {isa = PBXFileReference; fileEncoding = 4; lastKnownFileType = sourcecode.c.h; path = "NSMutableArray+SWUtilityButtons.h"; sourceTree = "<group>"; };
		EBC589051AB8C7AE003B7C9D /* NSMutableArray+SWUtilityButtons.m */ = {isa = PBXFileReference; fileEncoding = 4; lastKnownFileType = sourcecode.c.objc; path = "NSMutableArray+SWUtilityButtons.m"; sourceTree = "<group>"; };
		EBC589061AB8C7AE003B7C9D /* SWCellScrollView.h */ = {isa = PBXFileReference; fileEncoding = 4; lastKnownFileType = sourcecode.c.h; path = SWCellScrollView.h; sourceTree = "<group>"; };
		EBC589071AB8C7AE003B7C9D /* SWCellScrollView.m */ = {isa = PBXFileReference; fileEncoding = 4; lastKnownFileType = sourcecode.c.objc; path = SWCellScrollView.m; sourceTree = "<group>"; };
		EBC589081AB8C7AE003B7C9D /* SWLongPressGestureRecognizer.h */ = {isa = PBXFileReference; fileEncoding = 4; lastKnownFileType = sourcecode.c.h; path = SWLongPressGestureRecognizer.h; sourceTree = "<group>"; };
		EBC589091AB8C7AE003B7C9D /* SWLongPressGestureRecognizer.m */ = {isa = PBXFileReference; fileEncoding = 4; lastKnownFileType = sourcecode.c.objc; path = SWLongPressGestureRecognizer.m; sourceTree = "<group>"; };
		EBC5890A1AB8C7AE003B7C9D /* SWTableViewCell.h */ = {isa = PBXFileReference; fileEncoding = 4; lastKnownFileType = sourcecode.c.h; path = SWTableViewCell.h; sourceTree = "<group>"; };
		EBC5890B1AB8C7AE003B7C9D /* SWTableViewCell.m */ = {isa = PBXFileReference; fileEncoding = 4; lastKnownFileType = sourcecode.c.objc; path = SWTableViewCell.m; sourceTree = "<group>"; };
		EBC5890C1AB8C7AE003B7C9D /* SWUtilityButtonTapGestureRecognizer.h */ = {isa = PBXFileReference; fileEncoding = 4; lastKnownFileType = sourcecode.c.h; path = SWUtilityButtonTapGestureRecognizer.h; sourceTree = "<group>"; };
		EBC5890D1AB8C7AE003B7C9D /* SWUtilityButtonTapGestureRecognizer.m */ = {isa = PBXFileReference; fileEncoding = 4; lastKnownFileType = sourcecode.c.objc; path = SWUtilityButtonTapGestureRecognizer.m; sourceTree = "<group>"; };
		EBC5890E1AB8C7AE003B7C9D /* SWUtilityButtonView.h */ = {isa = PBXFileReference; fileEncoding = 4; lastKnownFileType = sourcecode.c.h; path = SWUtilityButtonView.h; sourceTree = "<group>"; };
		EBC5890F1AB8C7AE003B7C9D /* SWUtilityButtonView.m */ = {isa = PBXFileReference; fileEncoding = 4; lastKnownFileType = sourcecode.c.objc; path = SWUtilityButtonView.m; sourceTree = "<group>"; };
/* End PBXFileReference section */

/* Begin PBXFrameworksBuildPhase section */
		6A048AAC1AAA477800C7E790 /* Frameworks */ = {
			isa = PBXFrameworksBuildPhase;
			buildActionMask = 2147483647;
			files = (
			);
			runOnlyForDeploymentPostprocessing = 0;
		};
		6A048AC51AAA477900C7E790 /* Frameworks */ = {
			isa = PBXFrameworksBuildPhase;
			buildActionMask = 2147483647;
			files = (
			);
			runOnlyForDeploymentPostprocessing = 0;
		};
/* End PBXFrameworksBuildPhase section */

/* Begin PBXGroup section */
		2765C7D61AB388BE009F9DD7 /* Student List Shuffler  */ = {
			isa = PBXGroup;
			children = (
				2765C7D71AB388FE009F9DD7 /* StudentListShufflerDataSource.h */,
				2765C7D81AB388FE009F9DD7 /* StudentListShufflerDataSource.m */,
				2765C7DA1AB38954009F9DD7 /* StudentListShufflerViewController.h */,
				2765C7DB1AB38954009F9DD7 /* StudentListShufflerViewController.m */,
			);
			name = "Student List Shuffler ";
			sourceTree = "<group>";
		};
		27CC8EFA1AAA697C0051D062 /* Features Collection View */ = {
			isa = PBXGroup;
			children = (
				27CC8EF71AAA695A0051D062 /* FeaturesViewController.h */,
				27CC8EF81AAA695A0051D062 /* FeaturesViewController.m */,
				27CC8F1D1AAA6D350051D062 /* FeaturesViewControllerDataSource.h */,
				27CC8F1E1AAA6D350051D062 /* FeaturesViewControllerDataSource.m */,
				2765C7991AB0E72E009F9DD7 /* FeaturesCollectionViewCell.h */,
				2765C79A1AB0E72E009F9DD7 /* FeaturesCollectionViewCell.m */,
			);
			name = "Features Collection View";
			sourceTree = "<group>";
		};
		27CC8EFB1AAA69DC0051D062 /* Group List  (HOME) */ = {
			isa = PBXGroup;
			children = (
				6A048AB91AAA477800C7E790 /* GroupViewController.h */,
				6A048ABA1AAA477800C7E790 /* GroupViewController.m */,
			);
			name = "Group List  (HOME)";
			sourceTree = "<group>";
		};
		6A048AA61AAA477800C7E790 = {
			isa = PBXGroup;
			children = (
				6A048AB11AAA477800C7E790 /* Teacher Resources */,
				6A048ACB1AAA477900C7E790 /* Teacher ResourcesTests */,
				6A048AB01AAA477800C7E790 /* Products */,
			);
			sourceTree = "<group>";
		};
		6A048AB01AAA477800C7E790 /* Products */ = {
			isa = PBXGroup;
			children = (
				6A048AAF1AAA477800C7E790 /* Teacher Resources.app */,
				6A048AC81AAA477900C7E790 /* Teacher ResourcesTests.xctest */,
			);
			name = Products;
			sourceTree = "<group>";
		};
		6A048AB11AAA477800C7E790 /* Teacher Resources */ = {
			isa = PBXGroup;
			children = (
				6A048AB61AAA477800C7E790 /* AppDelegate.h */,
				6A048AB71AAA477800C7E790 /* AppDelegate.m */,
				6A1754C91AB7899200B620CB /* AppearanceController.h */,
				6A1754CA1AB7899200B620CB /* AppearanceController.m */,
				6A048ABC1AAA477800C7E790 /* Main.storyboard */,
				6AFD4E561AAE4A1200308595 /* Model/Core Data */,
				6AFD4E571AAE4A9F00308595 /* Controllers */,
				27CC8EFB1AAA69DC0051D062 /* Group List  (HOME) */,
				6AFD4E581AAE4ACB00308595 /* Student List */,
				27CC8EFA1AAA697C0051D062 /* Features Collection View */,
				6AFD4E5A1AAE4B7100308595 /* Randomized Groups */,
				2765C7D61AB388BE009F9DD7 /* Student List Shuffler  */,
				6AFD4E591AAE4B4900308595 /* Timer */,
				6A048ABF1AAA477900C7E790 /* Images.xcassets */,
				6A048AC11AAA477900C7E790 /* LaunchScreen.xib */,
				6A048AB21AAA477800C7E790 /* Supporting Files */,
			);
			path = "Teacher Resources";
			sourceTree = "<group>";
		};
		6A048AB21AAA477800C7E790 /* Supporting Files */ = {
			isa = PBXGroup;
			children = (
				EBC588FC1AB8C7AE003B7C9D /* cross@2x.png */,
				EBC588FD1AB8C7AE003B7C9D /* en.lproj */,
				EBC589021AB8C7AE003B7C9D /* list@2x.png */,
				EBC589031AB8C7AE003B7C9D /* PodFiles */,
				6AFD4E5B1AAE4F3500308595 /* UIColor+Category.h */,
				6AFD4E5C1AAE4F3500308595 /* UIColor+Category.m */,
				6A048AB31AAA477800C7E790 /* Info.plist */,
				6A048AB41AAA477800C7E790 /* main.m */,
			);
			name = "Supporting Files";
			sourceTree = "<group>";
		};
		6A048ACB1AAA477900C7E790 /* Teacher ResourcesTests */ = {
			isa = PBXGroup;
			children = (
				6A048ACE1AAA477900C7E790 /* Teacher_ResourcesTests.m */,
				6A048ACC1AAA477900C7E790 /* Supporting Files */,
			);
			path = "Teacher ResourcesTests";
			sourceTree = "<group>";
		};
		6A048ACC1AAA477900C7E790 /* Supporting Files */ = {
			isa = PBXGroup;
			children = (
				6A048ACD1AAA477900C7E790 /* Info.plist */,
			);
			name = "Supporting Files";
			sourceTree = "<group>";
		};
		6AFD4E561AAE4A1200308595 /* Model/Core Data */ = {
			isa = PBXGroup;
			children = (
				27CC8F271AAA7C8A0051D062 /* Model.xcdatamodeld */,
				6AFD4E641AAE8AA900308595 /* Group.h */,
				6AFD4E651AAE8AA900308595 /* Group.m */,
				6AFD4E671AAE8AA900308595 /* Member.h */,
				6AFD4E681AAE8AA900308595 /* Member.m */,
				27CC8EEE1AAA67DD0051D062 /* Stack.h */,
				27CC8EEF1AAA67DD0051D062 /* Stack.m */,
			);
			name = "Model/Core Data";
			sourceTree = "<group>";
		};
		6AFD4E571AAE4A9F00308595 /* Controllers */ = {
			isa = PBXGroup;
			children = (
				27CC8F0B1AAA6ACC0051D062 /* GroupController.h */,
				27CC8F0C1AAA6ACC0051D062 /* GroupController.m */,
			);
			name = Controllers;
			sourceTree = "<group>";
		};
		6AFD4E581AAE4ACB00308595 /* Student List */ = {
			isa = PBXGroup;
			children = (
				27CC8F2A1AABF0F30051D062 /* StudentListDataSource.h */,
				27CC8F2B1AABF0F30051D062 /* StudentListDataSource.m */,
				27CC8F241AAA7BAF0051D062 /* StudentListViewController.h */,
				27CC8F251AAA7BAF0051D062 /* StudentListViewController.m */,
			);
			name = "Student List";
			sourceTree = "<group>";
		};
		6AFD4E591AAE4B4900308595 /* Timer */ = {
			isa = PBXGroup;
			children = (
				6A9335241AB33BFF00F00C6D /* Timer.h */,
				6A9335251AB33BFF00F00C6D /* Timer.m */,
				6A9335261AB33BFF00F00C6D /* TimerViewController.h */,
				6A9335271AB33BFF00F00C6D /* TimerViewController.m */,
				6A9335281AB33BFF00F00C6D /* TimerViewController.xib */,
			);
			name = Timer;
			sourceTree = "<group>";
		};
		6AFD4E5A1AAE4B7100308595 /* Randomized Groups */ = {
			isa = PBXGroup;
			children = (
				EBBF55641AB0F8E1006EF8ED /* NewStudentViewController.h */,
				EBBF55651AB0F8E1006EF8ED /* NewStudentViewController.m */,
				27CC8F111AAA6B740051D062 /* RandomizedGroupsViewController.h */,
				27CC8F121AAA6B740051D062 /* RandomizedGroupsViewController.m */,
				27CC8F191AAA6D000051D062 /* RandomizedViewControllerDataSource.h */,
				27CC8F1A1AAA6D000051D062 /* RandomizedViewControllerDataSource.m */,
				EBBF55441AAF83B2006EF8ED /* MembersCollectionViewCell.h */,
				EBBF55451AAF83B2006EF8ED /* MembersCollectionViewCell.m */,
				EBBF555E1AB0E77F006EF8ED /* RandomizedGroupsAppereanceController.h */,
				EBBF555F1AB0E77F006EF8ED /* RandomizedGroupsAppereanceController.m */,
			);
			name = "Randomized Groups";
			sourceTree = "<group>";
		};
		EBC588FD1AB8C7AE003B7C9D /* en.lproj */ = {
			isa = PBXGroup;
			children = (
				EBC588FE1AB8C7AE003B7C9D /* InfoPlist.strings */,
				EBC589001AB8C7AE003B7C9D /* MainStoryboard.storyboard */,
			);
			path = en.lproj;
			sourceTree = "<group>";
		};
		EBC589031AB8C7AE003B7C9D /* PodFiles */ = {
			isa = PBXGroup;
			children = (
				EBC589041AB8C7AE003B7C9D /* NSMutableArray+SWUtilityButtons.h */,
				EBC589051AB8C7AE003B7C9D /* NSMutableArray+SWUtilityButtons.m */,
				EBC589061AB8C7AE003B7C9D /* SWCellScrollView.h */,
				EBC589071AB8C7AE003B7C9D /* SWCellScrollView.m */,
				EBC589081AB8C7AE003B7C9D /* SWLongPressGestureRecognizer.h */,
				EBC589091AB8C7AE003B7C9D /* SWLongPressGestureRecognizer.m */,
				EBC5890A1AB8C7AE003B7C9D /* SWTableViewCell.h */,
				EBC5890B1AB8C7AE003B7C9D /* SWTableViewCell.m */,
				EBC5890C1AB8C7AE003B7C9D /* SWUtilityButtonTapGestureRecognizer.h */,
				EBC5890D1AB8C7AE003B7C9D /* SWUtilityButtonTapGestureRecognizer.m */,
				EBC5890E1AB8C7AE003B7C9D /* SWUtilityButtonView.h */,
				EBC5890F1AB8C7AE003B7C9D /* SWUtilityButtonView.m */,
			);
			path = PodFiles;
			sourceTree = "<group>";
		};
/* End PBXGroup section */

/* Begin PBXNativeTarget section */
		6A048AAE1AAA477800C7E790 /* Teacher Resources */ = {
			isa = PBXNativeTarget;
			buildConfigurationList = 6A048AD21AAA477900C7E790 /* Build configuration list for PBXNativeTarget "Teacher Resources" */;
			buildPhases = (
				6A048AAB1AAA477800C7E790 /* Sources */,
				6A048AAC1AAA477800C7E790 /* Frameworks */,
				6A048AAD1AAA477800C7E790 /* Resources */,
			);
			buildRules = (
			);
			dependencies = (
			);
			name = "Teacher Resources";
			productName = "Teacher Resources";
			productReference = 6A048AAF1AAA477800C7E790 /* Teacher Resources.app */;
			productType = "com.apple.product-type.application";
		};
		6A048AC71AAA477900C7E790 /* Teacher ResourcesTests */ = {
			isa = PBXNativeTarget;
			buildConfigurationList = 6A048AD51AAA477900C7E790 /* Build configuration list for PBXNativeTarget "Teacher ResourcesTests" */;
			buildPhases = (
				6A048AC41AAA477900C7E790 /* Sources */,
				6A048AC51AAA477900C7E790 /* Frameworks */,
				6A048AC61AAA477900C7E790 /* Resources */,
			);
			buildRules = (
			);
			dependencies = (
				6A048ACA1AAA477900C7E790 /* PBXTargetDependency */,
			);
			name = "Teacher ResourcesTests";
			productName = "Teacher ResourcesTests";
			productReference = 6A048AC81AAA477900C7E790 /* Teacher ResourcesTests.xctest */;
			productType = "com.apple.product-type.bundle.unit-test";
		};
/* End PBXNativeTarget section */

/* Begin PBXProject section */
		6A048AA71AAA477800C7E790 /* Project object */ = {
			isa = PBXProject;
			attributes = {
				LastUpgradeCheck = 0610;
				ORGANIZATIONNAME = PJayRushton;
				TargetAttributes = {
					6A048AAE1AAA477800C7E790 = {
						CreatedOnToolsVersion = 6.1.1;
					};
					6A048AC71AAA477900C7E790 = {
						CreatedOnToolsVersion = 6.1.1;
						TestTargetID = 6A048AAE1AAA477800C7E790;
					};
				};
			};
			buildConfigurationList = 6A048AAA1AAA477800C7E790 /* Build configuration list for PBXProject "Teacher Resources" */;
			compatibilityVersion = "Xcode 3.2";
			developmentRegion = English;
			hasScannedForEncodings = 0;
			knownRegions = (
				en,
				Base,
			);
			mainGroup = 6A048AA61AAA477800C7E790;
			productRefGroup = 6A048AB01AAA477800C7E790 /* Products */;
			projectDirPath = "";
			projectRoot = "";
			targets = (
				6A048AAE1AAA477800C7E790 /* Teacher Resources */,
				6A048AC71AAA477900C7E790 /* Teacher ResourcesTests */,
			);
		};
/* End PBXProject section */

/* Begin PBXResourcesBuildPhase section */
		6A048AAD1AAA477800C7E790 /* Resources */ = {
			isa = PBXResourcesBuildPhase;
			buildActionMask = 2147483647;
			files = (
				EBC589111AB8C7AE003B7C9D /* InfoPlist.strings in Resources */,
				6A93352B1AB33BFF00F00C6D /* TimerViewController.xib in Resources */,
				EBC589131AB8C7AE003B7C9D /* list@2x.png in Resources */,
				6A048ABE1AAA477800C7E790 /* Main.storyboard in Resources */,
				EBC589101AB8C7AE003B7C9D /* cross@2x.png in Resources */,
				6A048AC31AAA477900C7E790 /* LaunchScreen.xib in Resources */,
				EBC589121AB8C7AE003B7C9D /* MainStoryboard.storyboard in Resources */,
				6A048AC01AAA477900C7E790 /* Images.xcassets in Resources */,
			);
			runOnlyForDeploymentPostprocessing = 0;
		};
		6A048AC61AAA477900C7E790 /* Resources */ = {
			isa = PBXResourcesBuildPhase;
			buildActionMask = 2147483647;
			files = (
			);
			runOnlyForDeploymentPostprocessing = 0;
		};
/* End PBXResourcesBuildPhase section */

/* Begin PBXSourcesBuildPhase section */
		6A048AAB1AAA477800C7E790 /* Sources */ = {
			isa = PBXSourcesBuildPhase;
			buildActionMask = 2147483647;
			files = (
				EBBF55601AB0E77F006EF8ED /* RandomizedGroupsAppereanceController.m in Sources */,
				EBBF55461AAF83B2006EF8ED /* MembersCollectionViewCell.m in Sources */,
				27CC8F131AAA6B740051D062 /* RandomizedGroupsViewController.m in Sources */,
				2765C79B1AB0E72E009F9DD7 /* FeaturesCollectionViewCell.m in Sources */,
				6A1754CB1AB7899300B620CB /* AppearanceController.m in Sources */,
				6A93352A1AB33BFF00F00C6D /* TimerViewController.m in Sources */,
				6A9335291AB33BFF00F00C6D /* Timer.m in Sources */,
				EBC589161AB8C7AE003B7C9D /* SWLongPressGestureRecognizer.m in Sources */,
				27CC8F1F1AAA6D350051D062 /* FeaturesViewControllerDataSource.m in Sources */,
				27CC8F261AAA7BAF0051D062 /* StudentListViewController.m in Sources */,
				2765C7DC1AB38954009F9DD7 /* StudentListShufflerViewController.m in Sources */,
				27CC8EF01AAA67DD0051D062 /* Stack.m in Sources */,
				27CC8F291AAA7C8A0051D062 /* Model.xcdatamodeld in Sources */,
				EBC589141AB8C7AE003B7C9D /* NSMutableArray+SWUtilityButtons.m in Sources */,
				EBBF55661AB0F8E1006EF8ED /* NewStudentViewController.m in Sources */,
				6A048ABB1AAA477800C7E790 /* GroupViewController.m in Sources */,
				27CC8EF91AAA695A0051D062 /* FeaturesViewController.m in Sources */,
				6AFD4E691AAE8AA900308595 /* Member.m in Sources */,
				6AFD4E661AAE8AA900308595 /* Group.m in Sources */,
				27CC8F1B1AAA6D000051D062 /* RandomizedViewControllerDataSource.m in Sources */,
				6A048AB81AAA477800C7E790 /* AppDelegate.m in Sources */,
				27CC8F2C1AABF0F30051D062 /* StudentListDataSource.m in Sources */,
				6A048AB51AAA477800C7E790 /* main.m in Sources */,
				27CC8F0D1AAA6ACC0051D062 /* GroupController.m in Sources */,
				EBC589171AB8C7AE003B7C9D /* SWTableViewCell.m in Sources */,
				EBC589181AB8C7AE003B7C9D /* SWUtilityButtonTapGestureRecognizer.m in Sources */,
				6AFD4E5D1AAE4F3500308595 /* UIColor+Category.m in Sources */,
				EBC589191AB8C7AE003B7C9D /* SWUtilityButtonView.m in Sources */,
				2765C7D91AB388FE009F9DD7 /* StudentListShufflerDataSource.m in Sources */,
				EBC589151AB8C7AE003B7C9D /* SWCellScrollView.m in Sources */,
			);
			runOnlyForDeploymentPostprocessing = 0;
		};
		6A048AC41AAA477900C7E790 /* Sources */ = {
			isa = PBXSourcesBuildPhase;
			buildActionMask = 2147483647;
			files = (
				6A048ACF1AAA477900C7E790 /* Teacher_ResourcesTests.m in Sources */,
			);
			runOnlyForDeploymentPostprocessing = 0;
		};
/* End PBXSourcesBuildPhase section */

/* Begin PBXTargetDependency section */
		6A048ACA1AAA477900C7E790 /* PBXTargetDependency */ = {
			isa = PBXTargetDependency;
			target = 6A048AAE1AAA477800C7E790 /* Teacher Resources */;
			targetProxy = 6A048AC91AAA477900C7E790 /* PBXContainerItemProxy */;
		};
/* End PBXTargetDependency section */

/* Begin PBXVariantGroup section */
		6A048ABC1AAA477800C7E790 /* Main.storyboard */ = {
			isa = PBXVariantGroup;
			children = (
				6A048ABD1AAA477800C7E790 /* Base */,
			);
			name = Main.storyboard;
			sourceTree = "<group>";
		};
		6A048AC11AAA477900C7E790 /* LaunchScreen.xib */ = {
			isa = PBXVariantGroup;
			children = (
				6A048AC21AAA477900C7E790 /* Base */,
			);
			name = LaunchScreen.xib;
			sourceTree = "<group>";
		};
		EBC588FE1AB8C7AE003B7C9D /* InfoPlist.strings */ = {
			isa = PBXVariantGroup;
			children = (
				EBC588FF1AB8C7AE003B7C9D /* en */,
			);
			name = InfoPlist.strings;
			sourceTree = "<group>";
		};
		EBC589001AB8C7AE003B7C9D /* MainStoryboard.storyboard */ = {
			isa = PBXVariantGroup;
			children = (
				EBC589011AB8C7AE003B7C9D /* en */,
			);
			name = MainStoryboard.storyboard;
			sourceTree = "<group>";
		};
/* End PBXVariantGroup section */

/* Begin XCBuildConfiguration section */
		6A048AD01AAA477900C7E790 /* Debug */ = {
			isa = XCBuildConfiguration;
			buildSettings = {
				ALWAYS_SEARCH_USER_PATHS = NO;
				CLANG_CXX_LANGUAGE_STANDARD = "gnu++0x";
				CLANG_CXX_LIBRARY = "libc++";
				CLANG_ENABLE_MODULES = YES;
				CLANG_ENABLE_OBJC_ARC = YES;
				CLANG_WARN_BOOL_CONVERSION = YES;
				CLANG_WARN_CONSTANT_CONVERSION = YES;
				CLANG_WARN_DIRECT_OBJC_ISA_USAGE = YES_ERROR;
				CLANG_WARN_EMPTY_BODY = YES;
				CLANG_WARN_ENUM_CONVERSION = YES;
				CLANG_WARN_INT_CONVERSION = YES;
				CLANG_WARN_OBJC_ROOT_CLASS = YES_ERROR;
				CLANG_WARN_UNREACHABLE_CODE = YES;
				CLANG_WARN__DUPLICATE_METHOD_MATCH = YES;
				"CODE_SIGN_IDENTITY[sdk=iphoneos*]" = "iPhone Developer";
				COPY_PHASE_STRIP = NO;
				ENABLE_STRICT_OBJC_MSGSEND = YES;
				GCC_C_LANGUAGE_STANDARD = gnu99;
				GCC_DYNAMIC_NO_PIC = NO;
				GCC_OPTIMIZATION_LEVEL = 0;
				GCC_PREPROCESSOR_DEFINITIONS = (
					"DEBUG=1",
					"$(inherited)",
				);
				GCC_SYMBOLS_PRIVATE_EXTERN = NO;
				GCC_WARN_64_TO_32_BIT_CONVERSION = YES;
				GCC_WARN_ABOUT_RETURN_TYPE = YES_ERROR;
				GCC_WARN_UNDECLARED_SELECTOR = YES;
				GCC_WARN_UNINITIALIZED_AUTOS = YES_AGGRESSIVE;
				GCC_WARN_UNUSED_FUNCTION = YES;
				GCC_WARN_UNUSED_VARIABLE = YES;
				IPHONEOS_DEPLOYMENT_TARGET = 8.1;
				MTL_ENABLE_DEBUG_INFO = YES;
				ONLY_ACTIVE_ARCH = YES;
				SDKROOT = iphoneos;
				TARGETED_DEVICE_FAMILY = "1,2";
			};
			name = Debug;
		};
		6A048AD11AAA477900C7E790 /* Release */ = {
			isa = XCBuildConfiguration;
			buildSettings = {
				ALWAYS_SEARCH_USER_PATHS = NO;
				CLANG_CXX_LANGUAGE_STANDARD = "gnu++0x";
				CLANG_CXX_LIBRARY = "libc++";
				CLANG_ENABLE_MODULES = YES;
				CLANG_ENABLE_OBJC_ARC = YES;
				CLANG_WARN_BOOL_CONVERSION = YES;
				CLANG_WARN_CONSTANT_CONVERSION = YES;
				CLANG_WARN_DIRECT_OBJC_ISA_USAGE = YES_ERROR;
				CLANG_WARN_EMPTY_BODY = YES;
				CLANG_WARN_ENUM_CONVERSION = YES;
				CLANG_WARN_INT_CONVERSION = YES;
				CLANG_WARN_OBJC_ROOT_CLASS = YES_ERROR;
				CLANG_WARN_UNREACHABLE_CODE = YES;
				CLANG_WARN__DUPLICATE_METHOD_MATCH = YES;
				"CODE_SIGN_IDENTITY[sdk=iphoneos*]" = "iPhone Developer";
				COPY_PHASE_STRIP = YES;
				ENABLE_NS_ASSERTIONS = NO;
				ENABLE_STRICT_OBJC_MSGSEND = YES;
				GCC_C_LANGUAGE_STANDARD = gnu99;
				GCC_WARN_64_TO_32_BIT_CONVERSION = YES;
				GCC_WARN_ABOUT_RETURN_TYPE = YES_ERROR;
				GCC_WARN_UNDECLARED_SELECTOR = YES;
				GCC_WARN_UNINITIALIZED_AUTOS = YES_AGGRESSIVE;
				GCC_WARN_UNUSED_FUNCTION = YES;
				GCC_WARN_UNUSED_VARIABLE = YES;
				IPHONEOS_DEPLOYMENT_TARGET = 8.1;
				MTL_ENABLE_DEBUG_INFO = NO;
				SDKROOT = iphoneos;
				TARGETED_DEVICE_FAMILY = "1,2";
				VALIDATE_PRODUCT = YES;
			};
			name = Release;
		};
		6A048AD31AAA477900C7E790 /* Debug */ = {
			isa = XCBuildConfiguration;
			buildSettings = {
				INFOPLIST_FILE = "Teacher Resources/Info.plist";
				LD_RUNPATH_SEARCH_PATHS = "$(inherited) @executable_path/Frameworks";
				PRODUCT_NAME = "$(TARGET_NAME)";
			};
			name = Debug;
		};
		6A048AD41AAA477900C7E790 /* Release */ = {
			isa = XCBuildConfiguration;
			buildSettings = {
				INFOPLIST_FILE = "Teacher Resources/Info.plist";
				LD_RUNPATH_SEARCH_PATHS = "$(inherited) @executable_path/Frameworks";
				PRODUCT_NAME = "$(TARGET_NAME)";
			};
			name = Release;
		};
		6A048AD61AAA477900C7E790 /* Debug */ = {
			isa = XCBuildConfiguration;
			buildSettings = {
				BUNDLE_LOADER = "$(TEST_HOST)";
				FRAMEWORK_SEARCH_PATHS = (
					"$(SDKROOT)/Developer/Library/Frameworks",
					"$(inherited)",
				);
				GCC_PREPROCESSOR_DEFINITIONS = (
					"DEBUG=1",
					"$(inherited)",
				);
				INFOPLIST_FILE = "Teacher ResourcesTests/Info.plist";
				LD_RUNPATH_SEARCH_PATHS = "$(inherited) @executable_path/Frameworks @loader_path/Frameworks";
				PRODUCT_NAME = "$(TARGET_NAME)";
				TEST_HOST = "$(BUILT_PRODUCTS_DIR)/Teacher Resources.app/Teacher Resources";
			};
			name = Debug;
		};
		6A048AD71AAA477900C7E790 /* Release */ = {
			isa = XCBuildConfiguration;
			buildSettings = {
				BUNDLE_LOADER = "$(TEST_HOST)";
				FRAMEWORK_SEARCH_PATHS = (
					"$(SDKROOT)/Developer/Library/Frameworks",
					"$(inherited)",
				);
				INFOPLIST_FILE = "Teacher ResourcesTests/Info.plist";
				LD_RUNPATH_SEARCH_PATHS = "$(inherited) @executable_path/Frameworks @loader_path/Frameworks";
				PRODUCT_NAME = "$(TARGET_NAME)";
				TEST_HOST = "$(BUILT_PRODUCTS_DIR)/Teacher Resources.app/Teacher Resources";
			};
			name = Release;
		};
/* End XCBuildConfiguration section */

/* Begin XCConfigurationList section */
		6A048AAA1AAA477800C7E790 /* Build configuration list for PBXProject "Teacher Resources" */ = {
			isa = XCConfigurationList;
			buildConfigurations = (
				6A048AD01AAA477900C7E790 /* Debug */,
				6A048AD11AAA477900C7E790 /* Release */,
			);
			defaultConfigurationIsVisible = 0;
			defaultConfigurationName = Release;
		};
		6A048AD21AAA477900C7E790 /* Build configuration list for PBXNativeTarget "Teacher Resources" */ = {
			isa = XCConfigurationList;
			buildConfigurations = (
				6A048AD31AAA477900C7E790 /* Debug */,
				6A048AD41AAA477900C7E790 /* Release */,
			);
			defaultConfigurationIsVisible = 0;
			defaultConfigurationName = Release;
		};
		6A048AD51AAA477900C7E790 /* Build configuration list for PBXNativeTarget "Teacher ResourcesTests" */ = {
			isa = XCConfigurationList;
			buildConfigurations = (
				6A048AD61AAA477900C7E790 /* Debug */,
				6A048AD71AAA477900C7E790 /* Release */,
			);
			defaultConfigurationIsVisible = 0;
			defaultConfigurationName = Release;
		};
/* End XCConfigurationList section */

/* Begin XCVersionGroup section */
		27CC8F271AAA7C8A0051D062 /* Model.xcdatamodeld */ = {
			isa = XCVersionGroup;
			children = (
				27CC8F281AAA7C8A0051D062 /* Model.xcdatamodel */,
			);
			currentVersion = 27CC8F281AAA7C8A0051D062 /* Model.xcdatamodel */;
			path = Model.xcdatamodeld;
			sourceTree = "<group>";
			versionGroupType = wrapper.xcdatamodel;
		};
/* End XCVersionGroup section */
	};
	rootObject = 6A048AA71AAA477800C7E790 /* Project object */;
}
